
Microsoft Visual Studio Solution File, Format Version 12.00
# Visual Studio Version 16
VisualStudioVersion = 16.0.29409.12
MinimumVisualStudioVersion = 10.0.40219.1
Project("{FAE04EC0-301F-11D3-BF4B-00C04F79EFBC}") = "Fuhrparkmanagement", "Fuhrparkmanagement.csproj", "{2FD21535-601F-4AC9-8ACD-06774031A7FA}"
EndProject
Project("{FAE04EC0-301F-11D3-BF4B-00C04F79EFBC}") = "FuhrparkmanagementWebApp", "..\FuhrparkmanagementWebApp\FuhrparkmanagementWebApp.csproj", "{3F98BACF-B08B-4226-9852-DE8EE11BECB9}"
EndProject
Global
	GlobalSection(SolutionConfigurationPlatforms) = preSolution
		Debug|Any CPU = Debug|Any CPU
		Release|Any CPU = Release|Any CPU
	EndGlobalSection
	GlobalSection(ProjectConfigurationPlatforms) = postSolution
		{2FD21535-601F-4AC9-8ACD-06774031A7FA}.Debug|Any CPU.ActiveCfg = Debug|Any CPU
		{2FD21535-601F-4AC9-8ACD-06774031A7FA}.Debug|Any CPU.Build.0 = Debug|Any CPU
		{2FD21535-601F-4AC9-8ACD-06774031A7FA}.Release|Any CPU.ActiveCfg = Release|Any CPU
		{2FD21535-601F-4AC9-8ACD-06774031A7FA}.Release|Any CPU.Build.0 = Release|Any CPU
		{3F98BACF-B08B-4226-9852-DE8EE11BECB9}.Debug|Any CPU.ActiveCfg = Debug|Any CPU
		{3F98BACF-B08B-4226-9852-DE8EE11BECB9}.Debug|Any CPU.Build.0 = Debug|Any CPU
		{3F98BACF-B08B-4226-9852-DE8EE11BECB9}.Release|Any CPU.ActiveCfg = Release|Any CPU
		{3F98BACF-B08B-4226-9852-DE8EE11BECB9}.Release|Any CPU.Build.0 = Release|Any CPU
	EndGlobalSection
	GlobalSection(SolutionProperties) = preSolution
		HideSolutionNode = FALSE
	EndGlobalSection
	GlobalSection(ExtensibilityGlobals) = postSolution
		SolutionGuid = {96DB579D-5A2B-42B5-BBEC-F9911A4366DD}
	EndGlobalSection
EndGlobal
